// !$*UTF8*$!
{
	archiveVersion = 1;
	classes = {
	};
	objectVersion = 50;
	objects = {

/* Begin PBXBuildFile section */
		609F2D77262BC55E00B5792C /* AppDelegate.swift in Sources */ = {isa = PBXBuildFile; fileRef = 609F2D76262BC55E00B5792C /* AppDelegate.swift */; };
		609F2D79262BC55E00B5792C /* SceneDelegate.swift in Sources */ = {isa = PBXBuildFile; fileRef = 609F2D78262BC55E00B5792C /* SceneDelegate.swift */; };
		609F2D7B262BC55E00B5792C /* BusquedaVC.swift in Sources */ = {isa = PBXBuildFile; fileRef = 609F2D7A262BC55E00B5792C /* BusquedaVC.swift */; };
		609F2D7D262BC55E00B5792C /* HistorialVC.swift in Sources */ = {isa = PBXBuildFile; fileRef = 609F2D7C262BC55E00B5792C /* HistorialVC.swift */; };
		609F2D80262BC55E00B5792C /* Main.storyboard in Resources */ = {isa = PBXBuildFile; fileRef = 609F2D7E262BC55E00B5792C /* Main.storyboard */; };
		609F2D82262BC56400B5792C /* Assets.xcassets in Resources */ = {isa = PBXBuildFile; fileRef = 609F2D81262BC56400B5792C /* Assets.xcassets */; };
		609F2D85262BC56400B5792C /* LaunchScreen.storyboard in Resources */ = {isa = PBXBuildFile; fileRef = 609F2D83262BC56400B5792C /* LaunchScreen.storyboard */; };
		609F2D8D262BD24800B5792C /* LetrasInteractor.swift in Sources */ = {isa = PBXBuildFile; fileRef = 609F2D8C262BD24800B5792C /* LetrasInteractor.swift */; };
		609F2D8F262BD29300B5792C /* Entidades.swift in Sources */ = {isa = PBXBuildFile; fileRef = 609F2D8E262BD29300B5792C /* Entidades.swift */; };
		609F2D91262BD30500B5792C /* Extensiones.swift in Sources */ = {isa = PBXBuildFile; fileRef = 609F2D90262BD30500B5792C /* Extensiones.swift */; };
		609F2D93262BD4A500B5792C /* LetraVC.swift in Sources */ = {isa = PBXBuildFile; fileRef = 609F2D92262BD4A500B5792C /* LetraVC.swift */; };
		60DF76D32649125B0088AAF8 /* ManejoRed.swift in Sources */ = {isa = PBXBuildFile; fileRef = 60DF76D22649125B0088AAF8 /* ManejoRed.swift */; };
		60DF76D6264914C30088AAF8 /* Reachability.swift in Sources */ = {isa = PBXBuildFile; fileRef = 60DF76D5264914C30088AAF8 /* Reachability.swift */; };
		60DF76D9264A3A450088AAF8 /* Request.swift in Sources */ = {isa = PBXBuildFile; fileRef = 60DF76D8264A3A450088AAF8 /* Request.swift */; };
		60DF76DD264A3E3C0088AAF8 /* LyricsRequest.swift in Sources */ = {isa = PBXBuildFile; fileRef = 60DF76DC264A3E3C0088AAF8 /* LyricsRequest.swift */; };
		60DF76E0264A4F4A0088AAF8 /* NetworkManager.swift in Sources */ = {isa = PBXBuildFile; fileRef = 60DF76DF264A4F490088AAF8 /* NetworkManager.swift */; };
/* End PBXBuildFile section */

/* Begin PBXFileReference section */
		609F2D73262BC55E00B5792C /* Letras.app */ = {isa = PBXFileReference; explicitFileType = wrapper.application; includeInIndex = 0; path = Letras.app; sourceTree = BUILT_PRODUCTS_DIR; };
		609F2D76262BC55E00B5792C /* AppDelegate.swift */ = {isa = PBXFileReference; lastKnownFileType = sourcecode.swift; path = AppDelegate.swift; sourceTree = "<group>"; };
		609F2D78262BC55E00B5792C /* SceneDelegate.swift */ = {isa = PBXFileReference; lastKnownFileType = sourcecode.swift; path = SceneDelegate.swift; sourceTree = "<group>"; };
		609F2D7A262BC55E00B5792C /* BusquedaVC.swift */ = {isa = PBXFileReference; lastKnownFileType = sourcecode.swift; path = BusquedaVC.swift; sourceTree = "<group>"; };
		609F2D7C262BC55E00B5792C /* HistorialVC.swift */ = {isa = PBXFileReference; lastKnownFileType = sourcecode.swift; path = HistorialVC.swift; sourceTree = "<group>"; };
		609F2D7F262BC55E00B5792C /* Base */ = {isa = PBXFileReference; lastKnownFileType = file.storyboard; name = Base; path = Base.lproj/Main.storyboard; sourceTree = "<group>"; };
		609F2D81262BC56400B5792C /* Assets.xcassets */ = {isa = PBXFileReference; lastKnownFileType = folder.assetcatalog; path = Assets.xcassets; sourceTree = "<group>"; };
		609F2D84262BC56400B5792C /* Base */ = {isa = PBXFileReference; lastKnownFileType = file.storyboard; name = Base; path = Base.lproj/LaunchScreen.storyboard; sourceTree = "<group>"; };
		609F2D86262BC56400B5792C /* Info.plist */ = {isa = PBXFileReference; lastKnownFileType = text.plist.xml; path = Info.plist; sourceTree = "<group>"; };
		609F2D8C262BD24800B5792C /* LetrasInteractor.swift */ = {isa = PBXFileReference; lastKnownFileType = sourcecode.swift; path = LetrasInteractor.swift; sourceTree = "<group>"; };
		609F2D8E262BD29300B5792C /* Entidades.swift */ = {isa = PBXFileReference; lastKnownFileType = sourcecode.swift; path = Entidades.swift; sourceTree = "<group>"; };
		609F2D90262BD30500B5792C /* Extensiones.swift */ = {isa = PBXFileReference; lastKnownFileType = sourcecode.swift; path = Extensiones.swift; sourceTree = "<group>"; };
		609F2D92262BD4A500B5792C /* LetraVC.swift */ = {isa = PBXFileReference; lastKnownFileType = sourcecode.swift; path = LetraVC.swift; sourceTree = "<group>"; };
		60DF76D22649125B0088AAF8 /* ManejoRed.swift */ = {isa = PBXFileReference; lastKnownFileType = sourcecode.swift; path = ManejoRed.swift; sourceTree = "<group>"; };
		60DF76D5264914C30088AAF8 /* Reachability.swift */ = {isa = PBXFileReference; lastKnownFileType = sourcecode.swift; path = Reachability.swift; sourceTree = "<group>"; };
		60DF76D8264A3A450088AAF8 /* Request.swift */ = {isa = PBXFileReference; lastKnownFileType = sourcecode.swift; path = Request.swift; sourceTree = "<group>"; };
		60DF76DC264A3E3C0088AAF8 /* LyricsRequest.swift */ = {isa = PBXFileReference; lastKnownFileType = sourcecode.swift; path = LyricsRequest.swift; sourceTree = "<group>"; };
		60DF76DF264A4F490088AAF8 /* NetworkManager.swift */ = {isa = PBXFileReference; lastKnownFileType = sourcecode.swift; path = NetworkManager.swift; sourceTree = "<group>"; };
/* End PBXFileReference section */

/* Begin PBXFrameworksBuildPhase section */
		609F2D70262BC55E00B5792C /* Frameworks */ = {
			isa = PBXFrameworksBuildPhase;
			buildActionMask = 2147483647;
			files = (
			);
			runOnlyForDeploymentPostprocessing = 0;
		};
/* End PBXFrameworksBuildPhase section */

/* Begin PBXGroup section */
		609F2D6A262BC55E00B5792C = {
			isa = PBXGroup;
			children = (
				609F2D75262BC55E00B5792C /* Letras */,
				609F2D74262BC55E00B5792C /* Products */,
			);
			sourceTree = "<group>";
		};
		609F2D74262BC55E00B5792C /* Products */ = {
			isa = PBXGroup;
			children = (
				609F2D73262BC55E00B5792C /* Letras.app */,
			);
			name = Products;
			sourceTree = "<group>";
		};
		609F2D75262BC55E00B5792C /* Letras */ = {
			isa = PBXGroup;
			children = (
				609F2D76262BC55E00B5792C /* AppDelegate.swift */,
				609F2D78262BC55E00B5792C /* SceneDelegate.swift */,
				609F2D7A262BC55E00B5792C /* BusquedaVC.swift */,
				609F2D7C262BC55E00B5792C /* HistorialVC.swift */,
				609F2D7E262BC55E00B5792C /* Main.storyboard */,
				609F2D81262BC56400B5792C /* Assets.xcassets */,
				609F2D83262BC56400B5792C /* LaunchScreen.storyboard */,
				609F2D86262BC56400B5792C /* Info.plist */,
				609F2D8C262BD24800B5792C /* LetrasInteractor.swift */,
				609F2D8E262BD29300B5792C /* Entidades.swift */,
				609F2D90262BD30500B5792C /* Extensiones.swift */,
				609F2D92262BD4A500B5792C /* LetraVC.swift */,
				60DF76D22649125B0088AAF8 /* ManejoRed.swift */,
				60DF76D5264914C30088AAF8 /* Reachability.swift */,
				60DF76D8264A3A450088AAF8 /* Request.swift */,
				60DF76DC264A3E3C0088AAF8 /* LyricsRequest.swift */,
				60DF76DF264A4F490088AAF8 /* NetworkManager.swift */,
			);
			path = Letras;
			sourceTree = "<group>";
		};
/* End PBXGroup section */

/* Begin PBXNativeTarget section */
		609F2D72262BC55E00B5792C /* Letras */ = {
			isa = PBXNativeTarget;
			buildConfigurationList = 609F2D89262BC56400B5792C /* Build configuration list for PBXNativeTarget "Letras" */;
			buildPhases = (
				609F2D6F262BC55E00B5792C /* Sources */,
				609F2D70262BC55E00B5792C /* Frameworks */,
				609F2D71262BC55E00B5792C /* Resources */,
			);
			buildRules = (
			);
			dependencies = (
			);
			name = Letras;
			productName = Letras;
			productReference = 609F2D73262BC55E00B5792C /* Letras.app */;
			productType = "com.apple.product-type.application";
		};
/* End PBXNativeTarget section */

/* Begin PBXProject section */
		609F2D6B262BC55E00B5792C /* Project object */ = {
			isa = PBXProject;
			attributes = {
				LastSwiftUpdateCheck = 1150;
				LastUpgradeCheck = 1150;
				ORGANIZATIONNAME = "Alejandro Agudelo";
				TargetAttributes = {
					609F2D72262BC55E00B5792C = {
						CreatedOnToolsVersion = 11.5;
					};
				};
			};
			buildConfigurationList = 609F2D6E262BC55E00B5792C /* Build configuration list for PBXProject "Letras" */;
			compatibilityVersion = "Xcode 9.3";
			developmentRegion = en;
			hasScannedForEncodings = 0;
			knownRegions = (
				en,
				Base,
			);
			mainGroup = 609F2D6A262BC55E00B5792C;
			productRefGroup = 609F2D74262BC55E00B5792C /* Products */;
			projectDirPath = "";
			projectRoot = "";
			targets = (
				609F2D72262BC55E00B5792C /* Letras */,
			);
		};
/* End PBXProject section */

/* Begin PBXResourcesBuildPhase section */
		609F2D71262BC55E00B5792C /* Resources */ = {
			isa = PBXResourcesBuildPhase;
			buildActionMask = 2147483647;
			files = (
				609F2D85262BC56400B5792C /* LaunchScreen.storyboard in Resources */,
				609F2D82262BC56400B5792C /* Assets.xcassets in Resources */,
				609F2D80262BC55E00B5792C /* Main.storyboard in Resources */,
			);
			runOnlyForDeploymentPostprocessing = 0;
		};
/* End PBXResourcesBuildPhase section */

/* Begin PBXSourcesBuildPhase section */
		609F2D6F262BC55E00B5792C /* Sources */ = {
			isa = PBXSourcesBuildPhase;
			buildActionMask = 2147483647;
			files = (
				609F2D7D262BC55E00B5792C /* HistorialVC.swift in Sources */,
				60DF76D32649125B0088AAF8 /* ManejoRed.swift in Sources */,
				60DF76D9264A3A450088AAF8 /* Request.swift in Sources */,
				60DF76E0264A4F4A0088AAF8 /* NetworkManager.swift in Sources */,
				609F2D93262BD4A500B5792C /* LetraVC.swift in Sources */,
				609F2D7B262BC55E00B5792C /* BusquedaVC.swift in Sources */,
				60DF76DD264A3E3C0088AAF8 /* LyricsRequest.swift in Sources */,
				609F2D77262BC55E00B5792C /* AppDelegate.swift in Sources */,
				609F2D8F262BD29300B5792C /* Entidades.swift in Sources */,
				609F2D79262BC55E00B5792C /* SceneDelegate.swift in Sources */,
				609F2D91262BD30500B5792C /* Extensiones.swift in Sources */,
				60DF76D6264914C30088AAF8 /* Reachability.swift in Sources */,
				609F2D8D262BD24800B5792C /* LetrasInteractor.swift in Sources */,
			);
			runOnlyForDeploymentPostprocessing = 0;
		};
/* End PBXSourcesBuildPhase section */

/* Begin PBXVariantGroup section */
		609F2D7E262BC55E00B5792C /* Main.storyboard */ = {
			isa = PBXVariantGroup;
			children = (
				609F2D7F262BC55E00B5792C /* Base */,
			);
			name = Main.storyboard;
			sourceTree = "<group>";
		};
		609F2D83262BC56400B5792C /* LaunchScreen.storyboard */ = {
			isa = PBXVariantGroup;
			children = (
				609F2D84262BC56400B5792C /* Base */,
			);
			name = LaunchScreen.storyboard;
			sourceTree = "<group>";
		};
/* End PBXVariantGroup section */

/* Begin XCBuildConfiguration section */
		609F2D87262BC56400B5792C /* Debug */ = {
			isa = XCBuildConfiguration;
			buildSettings = {
				ALWAYS_SEARCH_USER_PATHS = NO;
				CLANG_ANALYZER_NONNULL = YES;
				CLANG_ANALYZER_NUMBER_OBJECT_CONVERSION = YES_AGGRESSIVE;
				CLANG_CXX_LANGUAGE_STANDARD = "gnu++14";
				CLANG_CXX_LIBRARY = "libc++";
				CLANG_ENABLE_MODULES = YES;
				CLANG_ENABLE_OBJC_ARC = YES;
				CLANG_ENABLE_OBJC_WEAK = YES;
				CLANG_WARN_BLOCK_CAPTURE_AUTORELEASING = YES;
				CLANG_WARN_BOOL_CONVERSION = YES;
				CLANG_WARN_COMMA = YES;
				CLANG_WARN_CONSTANT_CONVERSION = YES;
				CLANG_WARN_DEPRECATED_OBJC_IMPLEMENTATIONS = YES;
				CLANG_WARN_DIRECT_OBJC_ISA_USAGE = YES_ERROR;
				CLANG_WARN_DOCUMENTATION_COMMENTS = YES;
				CLANG_WARN_EMPTY_BODY = YES;
				CLANG_WARN_ENUM_CONVERSION = YES;
				CLANG_WARN_INFINITE_RECURSION = YES;
				CLANG_WARN_INT_CONVERSION = YES;
				CLANG_WARN_NON_LITERAL_NULL_CONVERSION = YES;
				CLANG_WARN_OBJC_IMPLICIT_RETAIN_SELF = YES;
				CLANG_WARN_OBJC_LITERAL_CONVERSION = YES;
				CLANG_WARN_OBJC_ROOT_CLASS = YES_ERROR;
				CLANG_WARN_RANGE_LOOP_ANALYSIS = YES;
				CLANG_WARN_STRICT_PROTOTYPES = YES;
				CLANG_WARN_SUSPICIOUS_MOVE = YES;
				CLANG_WARN_UNGUARDED_AVAILABILITY = YES_AGGRESSIVE;
				CLANG_WARN_UNREACHABLE_CODE = YES;
				CLANG_WARN__DUPLICATE_METHOD_MATCH = YES;
				COPY_PHASE_STRIP = NO;
				DEBUG_INFORMATION_FORMAT = dwarf;
				ENABLE_STRICT_OBJC_MSGSEND = YES;
				ENABLE_TESTABILITY = YES;
				GCC_C_LANGUAGE_STANDARD = gnu11;
				GCC_DYNAMIC_NO_PIC = NO;
				GCC_NO_COMMON_BLOCKS = YES;
				GCC_OPTIMIZATION_LEVEL = 0;
				GCC_PREPROCESSOR_DEFINITIONS = (
					"DEBUG=1",
					"$(inherited)",
				);
				GCC_WARN_64_TO_32_BIT_CONVERSION = YES;
				GCC_WARN_ABOUT_RETURN_TYPE = YES_ERROR;
				GCC_WARN_UNDECLARED_SELECTOR = YES;
				GCC_WARN_UNINITIALIZED_AUTOS = YES_AGGRESSIVE;
				GCC_WARN_UNUSED_FUNCTION = YES;
				GCC_WARN_UNUSED_VARIABLE = YES;
				IPHONEOS_DEPLOYMENT_TARGET = 13.5;
				MTL_ENABLE_DEBUG_INFO = INCLUDE_SOURCE;
				MTL_FAST_MATH = YES;
				ONLY_ACTIVE_ARCH = YES;
				SDKROOT = iphoneos;
				SWIFT_ACTIVE_COMPILATION_CONDITIONS = DEBUG;
				SWIFT_OPTIMIZATION_LEVEL = "-Onone";
			};
			name = Debug;
		};
		609F2D88262BC56400B5792C /* Release */ = {
			isa = XCBuildConfiguration;
			buildSettings = {
				ALWAYS_SEARCH_USER_PATHS = NO;
				CLANG_ANALYZER_NONNULL = YES;
				CLANG_ANALYZER_NUMBER_OBJECT_CONVERSION = YES_AGGRESSIVE;
				CLANG_CXX_LANGUAGE_STANDARD = "gnu++14";
				CLANG_CXX_LIBRARY = "libc++";
				CLANG_ENABLE_MODULES = YES;
				CLANG_ENABLE_OBJC_ARC = YES;
				CLANG_ENABLE_OBJC_WEAK = YES;
				CLANG_WARN_BLOCK_CAPTURE_AUTORELEASING = YES;
				CLANG_WARN_BOOL_CONVERSION = YES;
				CLANG_WARN_COMMA = YES;
				CLANG_WARN_CONSTANT_CONVERSION = YES;
				CLANG_WARN_DEPRECATED_OBJC_IMPLEMENTATIONS = YES;
				CLANG_WARN_DIRECT_OBJC_ISA_USAGE = YES_ERROR;
				CLANG_WARN_DOCUMENTATION_COMMENTS = YES;
				CLANG_WARN_EMPTY_BODY = YES;
				CLANG_WARN_ENUM_CONVERSION = YES;
				CLANG_WARN_INFINITE_RECURSION = YES;
				CLANG_WARN_INT_CONVERSION = YES;
				CLANG_WARN_NON_LITERAL_NULL_CONVERSION = YES;
				CLANG_WARN_OBJC_IMPLICIT_RETAIN_SELF = YES;
				CLANG_WARN_OBJC_LITERAL_CONVERSION = YES;
				CLANG_WARN_OBJC_ROOT_CLASS = YES_ERROR;
				CLANG_WARN_RANGE_LOOP_ANALYSIS = YES;
				CLANG_WARN_STRICT_PROTOTYPES = YES;
				CLANG_WARN_SUSPICIOUS_MOVE = YES;
				CLANG_WARN_UNGUARDED_AVAILABILITY = YES_AGGRESSIVE;
				CLANG_WARN_UNREACHABLE_CODE = YES;
				CLANG_WARN__DUPLICATE_METHOD_MATCH = YES;
				COPY_PHASE_STRIP = NO;
				DEBUG_INFORMATION_FORMAT = "dwarf-with-dsym";
				ENABLE_NS_ASSERTIONS = NO;
				ENABLE_STRICT_OBJC_MSGSEND = YES;
				GCC_C_LANGUAGE_STANDARD = gnu11;
				GCC_NO_COMMON_BLOCKS = YES;
				GCC_WARN_64_TO_32_BIT_CONVERSION = YES;
				GCC_WARN_ABOUT_RETURN_TYPE = YES_ERROR;
				GCC_WARN_UNDECLARED_SELECTOR = YES;
				GCC_WARN_UNINITIALIZED_AUTOS = YES_AGGRESSIVE;
				GCC_WARN_UNUSED_FUNCTION = YES;
				GCC_WARN_UNUSED_VARIABLE = YES;
				IPHONEOS_DEPLOYMENT_TARGET = 13.5;
				MTL_ENABLE_DEBUG_INFO = NO;
				MTL_FAST_MATH = YES;
				SDKROOT = iphoneos;
				SWIFT_COMPILATION_MODE = wholemodule;
				SWIFT_OPTIMIZATION_LEVEL = "-O";
				VALIDATE_PRODUCT = YES;
			};
			name = Release;
		};
		609F2D8A262BC56400B5792C /* Debug */ = {
			isa = XCBuildConfiguration;
			buildSettings = {
				ASSETCATALOG_COMPILER_APPICON_NAME = AppIcon;
				CODE_SIGN_STYLE = Automatic;
				INFOPLIST_FILE = Letras/Info.plist;
				LD_RUNPATH_SEARCH_PATHS = (
					"$(inherited)",
					"@executable_path/Frameworks",
				);
				PRODUCT_BUNDLE_IDENTIFIER = com.aagudelo.Letras;
				PRODUCT_NAME = "$(TARGET_NAME)";
				SWIFT_VERSION = 5.0;
				TARGETED_DEVICE_FAMILY = "1,2";
			};
			name = Debug;
		};
		609F2D8B262BC56400B5792C /* Release */ = {
			isa = XCBuildConfiguration;
			buildSettings = {
				ASSETCATALOG_COMPILER_APPICON_NAME = AppIcon;
				CODE_SIGN_STYLE = Automatic;
				INFOPLIST_FILE = Letras/Info.plist;
				LD_RUNPATH_SEARCH_PATHS = (
					"$(inherited)",
					"@executable_path/Frameworks",
				);
				PRODUCT_BUNDLE_IDENTIFIER = com.aagudelo.Letras;
				PRODUCT_NAME = "$(TARGET_NAME)";
				SWIFT_VERSION = 5.0;
				TARGETED_DEVICE_FAMILY = "1,2";
			};
			name = Release;
		};
/* End XCBuildConfiguration section */

/* Begin XCConfigurationList section */
		609F2D6E262BC55E00B5792C /* Build configuration list for PBXProject "Letras" */ = {
			isa = XCConfigurationList;
			buildConfigurations = (
				609F2D87262BC56400B5792C /* Debug */,
				609F2D88262BC56400B5792C /* Release */,
			);
			defaultConfigurationIsVisible = 0;
			defaultConfigurationName = Release;
		};
		609F2D89262BC56400B5792C /* Build configuration list for PBXNativeTarget "Letras" */ = {
			isa = XCConfigurationList;
			buildConfigurations = (
				609F2D8A262BC56400B5792C /* Debug */,
				609F2D8B262BC56400B5792C /* Release */,
			);
			defaultConfigurationIsVisible = 0;
			defaultConfigurationName = Release;
		};
/* End XCConfigurationList section */
	};
	rootObject = 609F2D6B262BC55E00B5792C /* Project object */;
}
